
Microsoft Visual Studio Solution File, Format Version 12.00
# Visual Studio Version 17
VisualStudioVersion = 17.9.34728.123
MinimumVisualStudioVersion = 10.0.40219.1
Project("{FAE04EC0-301F-11D3-BF4B-00C04F79EFBC}") = "winform-app", "winform-app\winform-app.csproj", "{C35F78EE-ACB5-4252-A900-D3D98675F2A2}"
EndProject
Project("{FAE04EC0-301F-11D3-BF4B-00C04F79EFBC}") = "dominio", "dominio\dominio.csproj", "{F4F7E138-CE4A-4241-B898-98F39DD68B3B}"
EndProject
Project("{FAE04EC0-301F-11D3-BF4B-00C04F79EFBC}") = "negocio", "negocio\negocio.csproj", "{C7218144-62B8-47C6-BA89-4B7638E570F8}"
EndProject
Global
	GlobalSection(SolutionConfigurationPlatforms) = preSolution
		Debug|Any CPU = Debug|Any CPU
		Release|Any CPU = Release|Any CPU
	EndGlobalSection
	GlobalSection(ProjectConfigurationPlatforms) = postSolution
		{C35F78EE-ACB5-4252-A900-D3D98675F2A2}.Debug|Any CPU.ActiveCfg = Debug|Any CPU
		{C35F78EE-ACB5-4252-A900-D3D98675F2A2}.Debug|Any CPU.Build.0 = Debug|Any CPU
		{C35F78EE-ACB5-4252-A900-D3D98675F2A2}.Release|Any CPU.ActiveCfg = Release|Any CPU
		{C35F78EE-ACB5-4252-A900-D3D98675F2A2}.Release|Any CPU.Build.0 = Release|Any CPU
		{F4F7E138-CE4A-4241-B898-98F39DD68B3B}.Debug|Any CPU.ActiveCfg = Debug|Any CPU
		{F4F7E138-CE4A-4241-B898-98F39DD68B3B}.Debug|Any CPU.Build.0 = Debug|Any CPU
		{F4F7E138-CE4A-4241-B898-98F39DD68B3B}.Release|Any CPU.ActiveCfg = Release|Any CPU
		{F4F7E138-CE4A-4241-B898-98F39DD68B3B}.Release|Any CPU.Build.0 = Release|Any CPU
		{C7218144-62B8-47C6-BA89-4B7638E570F8}.Debug|Any CPU.ActiveCfg = Debug|Any CPU
		{C7218144-62B8-47C6-BA89-4B7638E570F8}.Debug|Any CPU.Build.0 = Debug|Any CPU
		{C7218144-62B8-47C6-BA89-4B7638E570F8}.Release|Any CPU.ActiveCfg = Release|Any CPU
		{C7218144-62B8-47C6-BA89-4B7638E570F8}.Release|Any CPU.Build.0 = Release|Any CPU
	EndGlobalSection
	GlobalSection(SolutionProperties) = preSolution
		HideSolutionNode = FALSE
	EndGlobalSection
	GlobalSection(ExtensibilityGlobals) = postSolution
		SolutionGuid = {380BEF90-1364-4F9F-94C2-FAA00CDFF90D}
	EndGlobalSection
EndGlobal
